{
  "name": "tables",
  "version": "1.0.0",
  "lockfileVersion": 2,
  "requires": true,
  "packages": {
    "": {
      "name": "tables",
      "version": "1.0.0",
      "dependencies": {
        "csv-parse": "^4.15.3"
      },
      "devDependencies": {
        "@types/node": "^14.14.35"
      }
    },
    "node_modules/@types/node": {
      "version": "14.14.35",
      "resolved": "https://registry.npmjs.org/@types/node/-/node-14.14.35.tgz",
      "integrity": "sha512-Lt+wj8NVPx0zUmUwumiVXapmaLUcAk3yPuHCFVXras9k5VT9TdhJqKqGVUQCD60OTMCl0qxJ57OiTL0Mic3Iag==",
      "dev": true
    },
    "node_modules/csv-parse": {
      "version": "4.15.3",
      "resolved": "https://registry.npmjs.org/csv-parse/-/csv-parse-4.15.3.tgz",
      "integrity": "sha512-jlTqDvLdHnYMSr08ynNfk4IAUSJgJjTKy2U5CQBSu4cN9vQOJonLVZP4Qo4gKKrIgIQ5dr07UwOJdi+lRqT12w=="
    }
  },
  "dependencies": {
    "@types/node": {
      "version": "14.14.35",
      "resolved": "https://registry.npmjs.org/@types/node/-/node-14.14.35.tgz",
      "integrity": "sha512-Lt+wj8NVPx0zUmUwumiVXapmaLUcAk3yPuHCFVXras9k5VT9TdhJqKqGVUQCD60OTMCl0qxJ57OiTL0Mic3Iag==",
      "dev": true
    },
    "csv-parse": {
      "version": "4.15.3",
      "resolved": "https://registry.npmjs.org/csv-parse/-/csv-parse-4.15.3.tgz",
      "integrity": "sha512-jlTqDvLdHnYMSr08ynNfk4IAUSJgJjTKy2U5CQBSu4cN9vQOJonLVZP4Qo4gKKrIgIQ5dr07UwOJdi+lRqT12w=="
    }
  }
}
